version = 1
revision = 3
requires-python = ">=3.14"

[[package]]
name = "bob-build"
version = "0.1.8"
source = { registry = "https://pypi.org/simple" }
dependencies = [
    { name = "ninja" },
    { name = "rich-click" },
]
sdist = { url = "https://files.pythonhosted.org/packages/d2/61/099e3fcde9e117ab9dab07f37d2ba55a1a36caa74ce23452bf8bcf28cc78/bob_build-0.1.8.tar.gz", hash = "sha256:707d8e14ad127407e1fd7dc8c5e460549a961facade943f8544c4cab74479ef9", size = 19800, upload-time = "2026-08-19T07:00:56.385Z" }
wheels = [
    { url = "https://files.pythonhosted.org/packages/46/0e/4165c83186ff345f8b004899e6739f4d818d2da932f07e4d4f3a30ee9c0d/bob_build-0.1.8-py3-none-any.whl", hash = "sha256:6d367a6890c6b01b8ecfd3ff9124fe029915e89f24913ba10449406d68d3ad21", size = 28903, upload-time = "2026-08-19T07:00:55.456Z" },
]

[[package]]
name = "bobstd"
version = "0.2.3"
source = { registry = "https://pypi.org/simple" }
dependencies = [
    { name = "bob-build" },
]
sdist = { url = "https://files.pythonhosted.org/packages/e2/b0/dee3b394f3b1296d066b81e4d00e6d02c0e38d6c09bc734e83d4f07be22c/bobstd-0.2.3.tar.gz", hash = "sha256:5dcedbb6ec33b41447e3b90168b474878ed05be12ff5e3fd88aba48ad4f1e9b6", size = 3105, upload-time = "2026-08-19T07:05:43.716Z" }
wheels = [
    { url = "https://files.pythonhosted.org/packages/84/db/b3f7685d87522a4f6b2eee72a75dbdd9835846434ff069bed5b4923aa3b5/bobstd-0.2.3-py3-none-any.whl", hash = "sha256:f169ba7d174a75a0dbe9fadfd4fa437a42c9d23162d92c95fd94b42e06f4117b", size = 4084, upload-time = "2026-08-19T07:05:42.831Z" },
]

[[package]]
name = "click"
version = "8.5.0"
source = { registry = "https://pypi.org/simple" }
sdist = { url = "https://files.pythonhosted.org/packages/c7/0e/7fa0ef50764b67090eca4114772a2abf8b6148198475e54c660b97caeee6/click-8.5.0.tar.gz", hash = "sha256:ba0d2089de75ea0310e2dde03160e6ca10009947fb95a182f9b54021bb272e34", size = 382235, upload-time = "2026-08-26T13:33:14.56Z" }
wheels = [
    { url = "https://files.pythonhosted.org/packages/58/50/6c0d534c5f134586a8e1ba4e330569e32f057e33372ae556463212fb4cd3/click-8.5.0-py3-none-any.whl", hash = "sha256:255bc9599cf7748b4b1a446ccc735421bd08a2ae529a8b88597d3de5664ee360", size = 125251, upload-time = "2026-08-26T13:33:12.928Z" },
]

[[package]]
name = "colorama"
version = "0.4.6"
source = { registry = "https://pypi.org/simple" }
sdist = { url = "https://files.pythonhosted.org/packages/d8/53/6f443c9a4a8358a93a6792e2acffb9d9d5cb0a5cfd8802644b7b1c9a02e4/colorama-0.4.6.tar.gz", hash = "sha256:08695f5cb7ed6e0531a20572697297273c47b8cae5a63ffc6d6ed5c201be6e44", size = 27697, upload-time = "2022-10-25T02:36:22.414Z" }
wheels = [
    { url = "https://files.pythonhosted.org/packages/d1/d6/3965ed04c63042e047cb6a3e6ed1a63a35087b6a609aa3a15ed8ac56c221/colorama-0.4.6-py2.py3-none-any.whl", hash = "sha256:4f1d9991f5acc0ca119f9d443620b77f9d6b33703e51011c16baf57afb285fc6", size = 25335, upload-time = "2022-10-25T02:36:20.889Z" },
]

[[package]]
name = "markdown-it-py"
version = "4.2.0"
source = { registry = "https://pypi.org/simple" }
dependencies = [
    { name = "mdurl" },
]
sdist = { url = "https://files.pythonhosted.org/packages/06/ff/7841249c247aa650a76b9ee4bbaeae59370dc8bfd2f6c01f3630c35eb134/markdown_it_py-4.2.0.tar.gz", hash = "sha256:04a21681d6fbb623de53f6f364d352309d4094dd4194040a10fd51833e418d49", size = 82454, upload-time = "2026-05-07T12:08:28.36Z" }
wheels = [
    { url = "https://files.pythonhosted.org/packages/b3/81/4da04ced5a082363ecfa159c010d200ecbd959ae410c10c0264a38cac0f5/markdown_it_py-4.2.0-py3-none-any.whl", hash = "sha256:9f7ebbcd14fe59494226453aed97c1070d83f8d24b6fc3a3bcf9a38092641c4a", size = 91687, upload-time = "2026-05-07T12:08:27.182Z" },
]

[[package]]
name = "mdurl"
version = "0.1.2"
source = { registry = "https://pypi.org/simple" }
sdist = { url = "https://files.pythonhosted.org/packages/d6/54/cfe61301667036ec958cb99bd3efefba235e65cdeb9c84d24a8293ba1d90/mdurl-0.1.2.tar.gz", hash = "sha256:bb413d29f5eea38f31dd4754dd7377d4465116fb207585f97bf925588687c1ba", size = 8729, upload-time = "2022-08-14T12:40:10.846Z" }
wheels = [
    { url = "https://files.pythonhosted.org/packages/b3/38/89ba8ad64ae25be8de66a6d463314cf1eb366222074cfda9ee839c56a4b4/mdurl-0.1.2-py3-none-any.whl", hash = "sha256:84008a41e51615a49fc9966191ff91509e3c40b939176e643fd50a5c2196b8f8", size = 9979, upload-time = "2022-08-14T12:40:09.779Z" },
]

[[package]]
name = "ninja"
version = "1.13.2"
source = { registry = "https://pypi.org/simple" }
sdist = { url = "https://files.pythonhosted.org/packages/ac/92/410b7917d16ab54c04b05cc32b9284803671d91cf79d33be6009c28d4ea8/ninja-1.13.2.tar.gz", hash = "sha256:525bfa3fc88aa30a4467df270fd5be6f9fcae8061d54d4df74ea1dc5abd5a975", size = 243739, upload-time = "2026-08-30T15:49:51.897Z" }
wheels = [
    { url = "https://files.pythonhosted.org/packages/b5/b8/90a9518f2264637084d6199bc20c2f3fb97fefc4c474d277720150c3bd6d/ninja-1.13.2-py3-none-macosx_10_9_universal2.whl", hash = "sha256:fd82e26c0706ad4ab88e5fdd26f3fab0a987a90f810160f6c322e752c6af298b", size = 306611, upload-time = "2026-08-30T15:49:28.267Z" },
    { url = "https://files.pythonhosted.org/packages/35/54/7368ce188625e39acc03ee362bb86cc9bfa6ad15e25c50889ae36e2889b3/ninja-1.13.2-py3-none-manylinux2014_aarch64.manylinux_2_17_aarch64.whl", hash = "sha256:d775a5e43e9088f507a6250d57fcf5678eb31268c545feb5064ffeee33735622", size = 177180, upload-time = "2026-08-30T15:49:29.59Z" },
    { url = "https://files.pythonhosted.org/packages/80/1a/0b5601ece2a5de97253e7c7c442b70315333955593c2b55616fd17f1706f/ninja-1.13.2-py3-none-manylinux2014_i686.manylinux_2_17_i686.whl", hash = "sha256:81d95081c0ad7c95f67bf682220361ed2a32659d7861b4766b03433c58f22516", size = 199485, upload-time = "2026-08-30T15:49:30.72Z" },
    { url = "https://files.pythonhosted.org/packages/48/23/fcbe234a66966e35928c47b86336f92a7612db4781665f4e5f5fddef9630/ninja-1.13.2-py3-none-manylinux2014_ppc64le.manylinux_2_17_ppc64le.whl", hash = "sha256:227cbc3ae3e5e429692388103cae8c09451df086cd2d342dae0795af0d162547", size = 197676, upload-time = "2026-08-30T15:49:32.026Z" },
    { url = "https://files.pythonhosted.org/packages/24/eb/a6ca97ef0ff7bb8bdcb395ec65a716e65d7c1f40896c3afe0090bb3e1535/ninja-1.13.2-py3-none-manylinux2014_s390x.manylinux_2_17_s390x.whl", hash = "sha256:1684c60d031c54c1d049541b64243c0c567dca5463dbd77682a8901780af293d", size = 187980, upload-time = "2026-08-30T15:49:33.372Z" },
    { url = "https://files.pythonhosted.org/packages/6e/53/ebfed7b689c338dd8ebeec9c0730c8d56821292f14e2536e5f3ef1a05744/ninja-1.13.2-py3-none-manylinux2014_x86_64.manylinux_2_17_x86_64.whl", hash = "sha256:65a24341b5ac09fcadcc37082660be40a94174e51a937fabf6e2cae26225fa2c", size = 183365, upload-time = "2026-08-30T15:49:34.53Z" },
    { url = "https://files.pythonhosted.org/packages/c7/d6/dcf06d7ab44ade992ae5aa1228feff317684b463a1bd47e8642b30ac922e/ninja-1.13.2-py3-none-manylinux_2_28_armv7l.manylinux_2_31_armv7l.whl", hash = "sha256:aa3d2ae5706a2c4d1e93edc951d1c6cbb45107413c404f8fde1741239efbc9a0", size = 155089, upload-time = "2026-08-30T15:49:35.72Z" },
    { url = "https://files.pythonhosted.org/packages/e1/6b/6513c09c33382b17c05b4349b8e81437b18680d0d7ec6fb8f7edc29adda1/ninja-1.13.2-py3-none-manylinux_2_31_riscv64.whl", hash = "sha256:919572cbc3f233261ecd41fe1f3efc9d44aa02464a4588867e06a8b4f6f416ea", size = 152149, upload-time = "2026-08-30T15:49:36.971Z" },
    { url = "https://files.pythonhosted.org/packages/4d/70/d59fa4261f5ce586f43d8716de1da33d813afc116f0bf9173bf4cdbfdb2a/ninja-1.13.2-py3-none-musllinux_1_2_aarch64.whl", hash = "sha256:0e083700470c02ca154a855ae6d692d03564f5064cae52e113896f9ccc078418", size = 525392, upload-time = "2026-08-30T15:49:38.136Z" },
    { url = "https://files.pythonhosted.org/packages/37/04/c8c2dc5b2f5fee79a1691d490256b178b7e1af97d56769117422ae8a23cc/ninja-1.13.2-py3-none-musllinux_1_2_armv7l.whl", hash = "sha256:59d71c3e15b6b6f3d903eb0c27285544e0747ca59925ada7037bb1af781ad4b3", size = 466268, upload-time = "2026-08-30T15:49:39.479Z" },
    { url = "https://files.pythonhosted.org/packages/f3/6d/fce288647e53e96e0f0929a3c5b23986aae1b7101ea8889a3090237c5d13/ninja-1.13.2-py3-none-musllinux_1_2_i686.whl", hash = "sha256:f90f84affc441e219f15fe52532806c1c9dbd22fb66c3addddce88a3deaabab7", size = 605088, upload-time = "2026-08-30T15:49:40.826Z" },
    { url = "https://files.pythonhosted.org/packages/10/a2/d8eedd25d0ae80b9e874aea362013e67416877c8f732eb4d5e7c971fdb9c/ninja-1.13.2-py3-none-musllinux_1_2_ppc64le.whl", hash = "sha256:b2f687437fac460b27b7eadc99039b1163016fb4ba7276e2782a192d9f24ee0e", size = 610806, upload-time = "2026-08-30T15:49:42.168Z" },
    { url = "https://files.pythonhosted.org/packages/14/0f/696d96821fad1b5767fd311c1569dde8881a57412369bfe7b11bcbfde036/ninja-1.13.2-py3-none-musllinux_1_2_riscv64.whl", hash = "sha256:09de9ab04f7352f51570c73fd4913acb1e6c24be0a72cd8b80243d4d3ed04925", size = 533978, upload-time = "2026-08-30T15:49:43.451Z" },
    { url = "https://files.pythonhosted.org/packages/5d/69/28844ca579156776a202217a7cd66f60d06a0710a935e879bb89ce396ecc/ninja-1.13.2-py3-none-musllinux_1_2_s390x.whl", hash = "sha256:6a87bf42b123abe2f37737300185f0a303a891899da85d73a3613ee80547e578", size = 653822, upload-time = "2026-08-30T15:49:44.724Z" },
    { url = "https://files.pythonhosted.org/packages/f5/5f/c511f2952f94ab2966d60edd9c34e744ea32f2724b1184b62270bde55b3a/ninja-1.13.2-py3-none-musllinux_1_2_x86_64.whl", hash = "sha256:915bd482c4be41c75120fd67a22e0bb3f0fbb3bbc5f95b89787deadd59e27ef2", size = 544460, upload-time = "2026-08-30T15:49:46.29Z" },
    { url = "https://files.pythonhosted.org/packages/79/e7/fb0e828e89ac77ef77183a0834f17c4108e66088732fed86a3cc3c776a7a/ninja-1.13.2-py3-none-win32.whl", hash = "sha256:792cadbb9decfd1f776d4d0a6930feb46d08302eb57c176bcf26b09de5748e9f", size = 270319, upload-time = "2026-08-30T15:49:47.942Z" },
    { url = "https://files.pythonhosted.org/packages/3f/dd/3766b5f4d32e8a9b97d195496b0b01fbbe2e1a41669dab0cd6492a6ce199/ninja-1.13.2-py3-none-win_amd64.whl", hash = "sha256:1293f4078278b70d0ee4b6cc8f3a9e030656c9b2f59909970343c4fe76070118", size = 311798, upload-time = "2026-08-30T15:49:49.351Z" },
    { url = "https://files.pythonhosted.org/packages/b7/8d/59a31fa508070d042571d9d226b541a21000756817313f397da22287ad34/ninja-1.13.2-py3-none-win_arm64.whl", hash = "sha256:1db9852e528efa7702f5123969f86678663e46d57ff28ab13f5fd84d64a85fb1", size = 290620, upload-time = "2026-08-30T15:49:50.639Z" },
]

[[package]]
name = "pygments"
version = "2.21.0"
source = { registry = "https://pypi.org/simple" }
sdist = { url = "https://files.pythonhosted.org/packages/49/2e/ced460408999b33da6b31b0021b0f37d329e202d4169aeb164493778f25b/pygments-2.21.0.tar.gz", hash = "sha256:610ca751c9bc2492b38eb9a38a7fbc93edbbb2d7182edaf34e66ae493dee5c8c", size = 5005329, upload-time = "2026-08-17T08:02:48.824Z" }
wheels = [
    { url = "https://files.pythonhosted.org/packages/71/46/17f022dd3e953bf20a04a028a21ec746d942f8d2af30fa0f124fa0e6a684/pygments-2.21.0-py3-none-any.whl", hash = "sha256:2363c69b61c4a97c838da3b130dcd6468f4848992b21a82f2a63ec34377137d9", size = 1250147, upload-time = "2026-08-17T08:02:44.912Z" },
]

[[package]]
name = "rich"
version = "15.0.0"
source = { registry = "https://pypi.org/simple" }
dependencies = [
    { name = "markdown-it-py" },
    { name = "pygments" },
]
sdist = { url = "https://files.pythonhosted.org/packages/c0/8f/0722ca900cc807c13a6a0c696dacf35430f72e0ec571c4275d2371fca3e9/rich-15.0.0.tar.gz", hash = "sha256:edd07a4824c6b40189fb7ac9bc4c52536e9780fbbfbddf6f1e2502c31b068c36", size = 230680, upload-time = "2026-04-12T08:24:00.75Z" }
wheels = [
    { url = "https://files.pythonhosted.org/packages/82/3b/64d4899d73f91ba49a8c18a8ff3f0ea8f1c1d75481760df8c68ef5235bf5/rich-15.0.0-py3-none-any.whl", hash = "sha256:33bd4ef74232fb73fe9279a257718407f169c09b78a87ad3d296f548e27de0bb", size = 310654, upload-time = "2026-04-12T08:24:02.83Z" },
]

[[package]]
name = "rich-click"
version = "1.9.8"
source = { registry = "https://pypi.org/simple" }
dependencies = [
    { name = "click" },
    { name = "colorama", marker = "sys_platform == 'win32'" },
    { name = "rich" },
]
sdist = { url = "https://files.pythonhosted.org/packages/f7/ea/21e4867ea0ef881ffd4c0550fc21a061435e50d6324bcd034396633cbc18/rich_click-1.9.8.tar.gz", hash = "sha256:4008f921da88b5d91646c134ec881c1500e5a6b3f093e90e8f29400e09608371", size = 75363, upload-time = "2026-05-28T19:54:59.144Z" }
wheels = [
    { url = "https://files.pythonhosted.org/packages/6d/97/a87901aef6b7e7e4a34c6dd6cc17dca8594a592ef9d9dd765fca2b7facf7/rich_click-1.9.8-py3-none-any.whl", hash = "sha256:12873865396e6927835d4eabb1cc3996edcd65b7ac9b2391a29eca4f335a2f93", size = 72189, upload-time = "2026-05-28T19:54:57.867Z" },
]

[[package]]
name = "tomato"
version = "0.1.0"
source = { virtual = "." }
dependencies = [
    { name = "bob-build" },
    { name = "bobstd" },
]

[package.metadata]
requires-dist = [
    { name = "bob-build", specifier = ">=0.1.8" },
    { name = "bobstd", specifier = ">=0.2.3" },
]
